// !$*UTF8*$!
{
	archiveVersion = 1;
	classes = {
	};
	objectVersion = 50;
	objects = {

/* Begin PBXBuildFile section */
		6066384722EDB5FE008580F8 /* AppDelegate.m in Sources */ = {isa = PBXBuildFile; fileRef = 6066384622EDB5FE008580F8 /* AppDelegate.m */; };
		6066384A22EDB5FE008580F8 /* ViewController.m in Sources */ = {isa = PBXBuildFile; fileRef = 6066384922EDB5FE008580F8 /* ViewController.m */; };
		6066384C22EDB600008580F8 /* Assets.xcassets in Resources */ = {isa = PBXBuildFile; fileRef = 6066384B22EDB600008580F8 /* Assets.xcassets */; };
		6066384F22EDB600008580F8 /* Main.storyboard in Resources */ = {isa = PBXBuildFile; fileRef = 6066384D22EDB600008580F8 /* Main.storyboard */; };
		6066385222EDB600008580F8 /* main.m in Sources */ = {isa = PBXBuildFile; fileRef = 6066385122EDB600008580F8 /* main.m */; };
		6066386022EDB627008580F8 /* Cocoa.framework in Frameworks */ = {isa = PBXBuildFile; fileRef = 6066385F22EDB627008580F8 /* Cocoa.framework */; };
		6066387322EDB627008580F8 /* TS Plagrounds GitHub.appex in Embed App Extensions */ = {isa = PBXBuildFile; fileRef = 6066385D22EDB627008580F8 /* TS Plagrounds GitHub.appex */; settings = {ATTRIBUTES = (RemoveHeadersOnCopy, ); }; };
		6066387B22EDB76B008580F8 /* add-ts-playground-links.js in Resources */ = {isa = PBXBuildFile; fileRef = 6066387A22EDB76B008580F8 /* add-ts-playground-links.js */; };
		6066387E22EDB97D008580F8 /* SafariExtensionHandler.m in Sources */ = {isa = PBXBuildFile; fileRef = 6066387D22EDB97D008580F8 /* SafariExtensionHandler.m */; };
/* End PBXBuildFile section */

/* Begin PBXContainerItemProxy section */
		6066387122EDB627008580F8 /* PBXContainerItemProxy */ = {
			isa = PBXContainerItemProxy;
			containerPortal = 6066383A22EDB5FE008580F8 /* Project object */;
			proxyType = 1;
			remoteGlobalIDString = 6066385C22EDB627008580F8;
			remoteInfo = "TS Plagrounds GitHub";
		};
/* End PBXContainerItemProxy section */

/* Begin PBXCopyFilesBuildPhase section */
		6066387722EDB627008580F8 /* Embed App Extensions */ = {
			isa = PBXCopyFilesBuildPhase;
			buildActionMask = 2147483647;
			dstPath = "";
			dstSubfolderSpec = 13;
			files = (
				6066387322EDB627008580F8 /* TS Plagrounds GitHub.appex in Embed App Extensions */,
			);
			name = "Embed App Extensions";
			runOnlyForDeploymentPostprocessing = 0;
		};
/* End PBXCopyFilesBuildPhase section */

/* Begin PBXFileReference section */
		6066384222EDB5FE008580F8 /* TypeScript Playgrounds.app */ = {isa = PBXFileReference; explicitFileType = wrapper.application; includeInIndex = 0; path = "TypeScript Playgrounds.app"; sourceTree = BUILT_PRODUCTS_DIR; };
		6066384522EDB5FE008580F8 /* AppDelegate.h */ = {isa = PBXFileReference; lastKnownFileType = sourcecode.c.h; path = AppDelegate.h; sourceTree = "<group>"; };
		6066384622EDB5FE008580F8 /* AppDelegate.m */ = {isa = PBXFileReference; lastKnownFileType = sourcecode.c.objc; path = AppDelegate.m; sourceTree = "<group>"; };
		6066384822EDB5FE008580F8 /* ViewController.h */ = {isa = PBXFileReference; lastKnownFileType = sourcecode.c.h; path = ViewController.h; sourceTree = "<group>"; };
		6066384922EDB5FE008580F8 /* ViewController.m */ = {isa = PBXFileReference; lastKnownFileType = sourcecode.c.objc; path = ViewController.m; sourceTree = "<group>"; };
		6066384B22EDB600008580F8 /* Assets.xcassets */ = {isa = PBXFileReference; lastKnownFileType = folder.assetcatalog; path = Assets.xcassets; sourceTree = "<group>"; };
		6066384E22EDB600008580F8 /* Base */ = {isa = PBXFileReference; lastKnownFileType = file.storyboard; name = Base; path = Base.lproj/Main.storyboard; sourceTree = "<group>"; };
		6066385022EDB600008580F8 /* Info.plist */ = {isa = PBXFileReference; lastKnownFileType = text.plist.xml; path = Info.plist; sourceTree = "<group>"; };
		6066385122EDB600008580F8 /* main.m */ = {isa = PBXFileReference; lastKnownFileType = sourcecode.c.objc; path = main.m; sourceTree = "<group>"; };
		6066385322EDB600008580F8 /* MiscForSafari.entitlements */ = {isa = PBXFileReference; lastKnownFileType = text.plist.entitlements; path = MiscForSafari.entitlements; sourceTree = "<group>"; };
		6066385D22EDB627008580F8 /* TS Plagrounds GitHub.appex */ = {isa = PBXFileReference; explicitFileType = "wrapper.app-extension"; includeInIndex = 0; path = "TS Plagrounds GitHub.appex"; sourceTree = BUILT_PRODUCTS_DIR; };
		6066385F22EDB627008580F8 /* Cocoa.framework */ = {isa = PBXFileReference; lastKnownFileType = wrapper.framework; name = Cocoa.framework; path = System/Library/Frameworks/Cocoa.framework; sourceTree = SDKROOT; };
		6066386B22EDB627008580F8 /* Info.plist */ = {isa = PBXFileReference; lastKnownFileType = text.plist.xml; path = Info.plist; sourceTree = "<group>"; };
		6066387022EDB627008580F8 /* TS_Plagrounds_GitHub.entitlements */ = {isa = PBXFileReference; lastKnownFileType = text.plist.entitlements; path = TS_Plagrounds_GitHub.entitlements; sourceTree = "<group>"; };
		6066387A22EDB76B008580F8 /* add-ts-playground-links.js */ = {isa = PBXFileReference; fileEncoding = 4; lastKnownFileType = sourcecode.javascript; name = "add-ts-playground-links.js"; path = "../../dist/js/add-ts-playground-links.js"; sourceTree = SOURCE_ROOT; };
		6066387C22EDB97D008580F8 /* SafariExtensionHandler.h */ = {isa = PBXFileReference; lastKnownFileType = sourcecode.c.h; path = SafariExtensionHandler.h; sourceTree = "<group>"; };
		6066387D22EDB97D008580F8 /* SafariExtensionHandler.m */ = {isa = PBXFileReference; lastKnownFileType = sourcecode.c.objc; path = SafariExtensionHandler.m; sourceTree = "<group>"; };
/* End PBXFileReference section */

/* Begin PBXFrameworksBuildPhase section */
		6066383F22EDB5FE008580F8 /* Frameworks */ = {
			isa = PBXFrameworksBuildPhase;
			buildActionMask = 2147483647;
			files = (
			);
			runOnlyForDeploymentPostprocessing = 0;
		};
		6066385A22EDB627008580F8 /* Frameworks */ = {
			isa = PBXFrameworksBuildPhase;
			buildActionMask = 2147483647;
			files = (
				6066386022EDB627008580F8 /* Cocoa.framework in Frameworks */,
			);
			runOnlyForDeploymentPostprocessing = 0;
		};
/* End PBXFrameworksBuildPhase section */

/* Begin PBXGroup section */
		6066383922EDB5FE008580F8 = {
			isa = PBXGroup;
			children = (
				6066384422EDB5FE008580F8 /* MiscForSafari */,
				6066386122EDB627008580F8 /* TS Plagrounds GitHub */,
				6066385E22EDB627008580F8 /* Frameworks */,
				6066384322EDB5FE008580F8 /* Products */,
			);
			sourceTree = "<group>";
		};
		6066384322EDB5FE008580F8 /* Products */ = {
			isa = PBXGroup;
			children = (
				6066384222EDB5FE008580F8 /* TypeScript Playgrounds.app */,
				6066385D22EDB627008580F8 /* TS Plagrounds GitHub.appex */,
			);
			name = Products;
			sourceTree = "<group>";
		};
		6066384422EDB5FE008580F8 /* MiscForSafari */ = {
			isa = PBXGroup;
			children = (
				6066384522EDB5FE008580F8 /* AppDelegate.h */,
				6066384622EDB5FE008580F8 /* AppDelegate.m */,
				6066384822EDB5FE008580F8 /* ViewController.h */,
				6066384922EDB5FE008580F8 /* ViewController.m */,
				6066384B22EDB600008580F8 /* Assets.xcassets */,
				6066384D22EDB600008580F8 /* Main.storyboard */,
				6066385022EDB600008580F8 /* Info.plist */,
				6066385122EDB600008580F8 /* main.m */,
				6066385322EDB600008580F8 /* MiscForSafari.entitlements */,
			);
			path = MiscForSafari;
			sourceTree = "<group>";
		};
		6066385E22EDB627008580F8 /* Frameworks */ = {
			isa = PBXGroup;
			children = (
				6066385F22EDB627008580F8 /* Cocoa.framework */,
			);
			name = Frameworks;
			sourceTree = "<group>";
		};
		6066386122EDB627008580F8 /* TS Plagrounds GitHub */ = {
			isa = PBXGroup;
			children = (
				6066386B22EDB627008580F8 /* Info.plist */,
				6066387A22EDB76B008580F8 /* add-ts-playground-links.js */,
				6066387022EDB627008580F8 /* TS_Plagrounds_GitHub.entitlements */,
				6066387C22EDB97D008580F8 /* SafariExtensionHandler.h */,
				6066387D22EDB97D008580F8 /* SafariExtensionHandler.m */,
			);
			path = "TS Plagrounds GitHub";
			sourceTree = "<group>";
		};
/* End PBXGroup section */

/* Begin PBXNativeTarget section */
		6066384122EDB5FE008580F8 /* TypeScript Playgrounds */ = {
			isa = PBXNativeTarget;
			buildConfigurationList = 6066385622EDB600008580F8 /* Build configuration list for PBXNativeTarget "TypeScript Playgrounds" */;
			buildPhases = (
				6066383E22EDB5FE008580F8 /* Sources */,
				6066383F22EDB5FE008580F8 /* Frameworks */,
				6066384022EDB5FE008580F8 /* Resources */,
				6066387722EDB627008580F8 /* Embed App Extensions */,
			);
			buildRules = (
			);
			dependencies = (
				6066387222EDB627008580F8 /* PBXTargetDependency */,
			);
			name = "TypeScript Playgrounds";
			productName = MiscForSafari;
			productReference = 6066384222EDB5FE008580F8 /* TypeScript Playgrounds.app */;
			productType = "com.apple.product-type.application";
		};
		6066385C22EDB627008580F8 /* TS Plagrounds GitHub */ = {
			isa = PBXNativeTarget;
			buildConfigurationList = 6066387422EDB627008580F8 /* Build configuration list for PBXNativeTarget "TS Plagrounds GitHub" */;
			buildPhases = (
				6066385922EDB627008580F8 /* Sources */,
				6066385A22EDB627008580F8 /* Frameworks */,
				6066385B22EDB627008580F8 /* Resources */,
			);
			buildRules = (
			);
			dependencies = (
			);
			name = "TS Plagrounds GitHub";
			productName = "TS Plagrounds GitHub";
			productReference = 6066385D22EDB627008580F8 /* TS Plagrounds GitHub.appex */;
			productType = "com.apple.product-type.app-extension";
		};
/* End PBXNativeTarget section */

/* Begin PBXProject section */
		6066383A22EDB5FE008580F8 /* Project object */ = {
			isa = PBXProject;
			attributes = {
				LastUpgradeCheck = 1020;
				ORGANIZATIONNAME = "Orta Therox";
				TargetAttributes = {
					6066384122EDB5FE008580F8 = {
						CreatedOnToolsVersion = 10.2.1;
						SystemCapabilities = {
							com.apple.HardenedRuntime = {
								enabled = 1;
							};
						};
					};
					6066385C22EDB627008580F8 = {
						CreatedOnToolsVersion = 10.2.1;
						SystemCapabilities = {
							com.apple.HardenedRuntime = {
								enabled = 1;
							};
						};
					};
				};
			};
			buildConfigurationList = 6066383D22EDB5FE008580F8 /* Build configuration list for PBXProject "TypeScript Playgrounds" */;
			compatibilityVersion = "Xcode 9.3";
			developmentRegion = en;
			hasScannedForEncodings = 0;
			knownRegions = (
				en,
				Base,
			);
			mainGroup = 6066383922EDB5FE008580F8;
			productRefGroup = 6066384322EDB5FE008580F8 /* Products */;
			projectDirPath = "";
			projectRoot = "";
			targets = (
				6066384122EDB5FE008580F8 /* TypeScript Playgrounds */,
				6066385C22EDB627008580F8 /* TS Plagrounds GitHub */,
			);
		};
/* End PBXProject section */

/* Begin PBXResourcesBuildPhase section */
		6066384022EDB5FE008580F8 /* Resources */ = {
			isa = PBXResourcesBuildPhase;
			buildActionMask = 2147483647;
			files = (
				6066384C22EDB600008580F8 /* Assets.xcassets in Resources */,
				6066384F22EDB600008580F8 /* Main.storyboard in Resources */,
			);
			runOnlyForDeploymentPostprocessing = 0;
		};
		6066385B22EDB627008580F8 /* Resources */ = {
			isa = PBXResourcesBuildPhase;
			buildActionMask = 2147483647;
			files = (
				6066387B22EDB76B008580F8 /* add-ts-playground-links.js in Resources */,
			);
			runOnlyForDeploymentPostprocessing = 0;
		};
/* End PBXResourcesBuildPhase section */

/* Begin PBXSourcesBuildPhase section */
		6066383E22EDB5FE008580F8 /* Sources */ = {
			isa = PBXSourcesBuildPhase;
			buildActionMask = 2147483647;
			files = (
				6066384A22EDB5FE008580F8 /* ViewController.m in Sources */,
				6066385222EDB600008580F8 /* main.m in Sources */,
				6066384722EDB5FE008580F8 /* AppDelegate.m in Sources */,
			);
			runOnlyForDeploymentPostprocessing = 0;
		};
		6066385922EDB627008580F8 /* Sources */ = {
			isa = PBXSourcesBuildPhase;
			buildActionMask = 2147483647;
			files = (
				6066387E22EDB97D008580F8 /* SafariExtensionHandler.m in Sources */,
			);
			runOnlyForDeploymentPostprocessing = 0;
		};
/* End PBXSourcesBuildPhase section */

/* Begin PBXTargetDependency section */
		6066387222EDB627008580F8 /* PBXTargetDependency */ = {
			isa = PBXTargetDependency;
			target = 6066385C22EDB627008580F8 /* TS Plagrounds GitHub */;
			targetProxy = 6066387122EDB627008580F8 /* PBXContainerItemProxy */;
		};
/* End PBXTargetDependency section */

/* Begin PBXVariantGroup section */
		6066384D22EDB600008580F8 /* Main.storyboard */ = {
			isa = PBXVariantGroup;
			children = (
				6066384E22EDB600008580F8 /* Base */,
			);
			name = Main.storyboard;
			sourceTree = "<group>";
		};
/* End PBXVariantGroup section */

/* Begin XCBuildConfiguration section */
		6066385422EDB600008580F8 /* Debug */ = {
			isa = XCBuildConfiguration;
			buildSettings = {
				ALWAYS_SEARCH_USER_PATHS = NO;
				CLANG_ANALYZER_NONNULL = YES;
				CLANG_ANALYZER_NUMBER_OBJECT_CONVERSION = YES_AGGRESSIVE;
				CLANG_CXX_LANGUAGE_STANDARD = "gnu++14";
				CLANG_CXX_LIBRARY = "libc++";
				CLANG_ENABLE_MODULES = YES;
				CLANG_ENABLE_OBJC_ARC = YES;
				CLANG_ENABLE_OBJC_WEAK = YES;
				CLANG_WARN_BLOCK_CAPTURE_AUTORELEASING = YES;
				CLANG_WARN_BOOL_CONVERSION = YES;
				CLANG_WARN_COMMA = YES;
				CLANG_WARN_CONSTANT_CONVERSION = YES;
				CLANG_WARN_DEPRECATED_OBJC_IMPLEMENTATIONS = YES;
				CLANG_WARN_DIRECT_OBJC_ISA_USAGE = YES_ERROR;
				CLANG_WARN_DOCUMENTATION_COMMENTS = YES;
				CLANG_WARN_EMPTY_BODY = YES;
				CLANG_WARN_ENUM_CONVERSION = YES;
				CLANG_WARN_INFINITE_RECURSION = YES;
				CLANG_WARN_INT_CONVERSION = YES;
				CLANG_WARN_NON_LITERAL_NULL_CONVERSION = YES;
				CLANG_WARN_OBJC_IMPLICIT_RETAIN_SELF = YES;
				CLANG_WARN_OBJC_LITERAL_CONVERSION = YES;
				CLANG_WARN_OBJC_ROOT_CLASS = YES_ERROR;
				CLANG_WARN_RANGE_LOOP_ANALYSIS = YES;
				CLANG_WARN_STRICT_PROTOTYPES = YES;
				CLANG_WARN_SUSPICIOUS_MOVE = YES;
				CLANG_WARN_UNGUARDED_AVAILABILITY = YES_AGGRESSIVE;
				CLANG_WARN_UNREACHABLE_CODE = YES;
				CLANG_WARN__DUPLICATE_METHOD_MATCH = YES;
				CODE_SIGN_IDENTITY = "Mac Developer";
				COPY_PHASE_STRIP = NO;
				DEBUG_INFORMATION_FORMAT = dwarf;
				ENABLE_STRICT_OBJC_MSGSEND = YES;
				ENABLE_TESTABILITY = YES;
				GCC_C_LANGUAGE_STANDARD = gnu11;
				GCC_DYNAMIC_NO_PIC = NO;
				GCC_NO_COMMON_BLOCKS = YES;
				GCC_OPTIMIZATION_LEVEL = 0;
				GCC_PREPROCESSOR_DEFINITIONS = (
					"DEBUG=1",
					"$(inherited)",
				);
				GCC_WARN_64_TO_32_BIT_CONVERSION = YES;
				GCC_WARN_ABOUT_RETURN_TYPE = YES_ERROR;
				GCC_WARN_UNDECLARED_SELECTOR = YES;
				GCC_WARN_UNINITIALIZED_AUTOS = YES_AGGRESSIVE;
				GCC_WARN_UNUSED_FUNCTION = YES;
				GCC_WARN_UNUSED_VARIABLE = YES;
				MACOSX_DEPLOYMENT_TARGET = 10.15;
				MTL_ENABLE_DEBUG_INFO = INCLUDE_SOURCE;
				MTL_FAST_MATH = YES;
				ONLY_ACTIVE_ARCH = YES;
				SDKROOT = macosx;
			};
			name = Debug;
		};
		6066385522EDB600008580F8 /* Release */ = {
			isa = XCBuildConfiguration;
			buildSettings = {
				ALWAYS_SEARCH_USER_PATHS = NO;
				CLANG_ANALYZER_NONNULL = YES;
				CLANG_ANALYZER_NUMBER_OBJECT_CONVERSION = YES_AGGRESSIVE;
				CLANG_CXX_LANGUAGE_STANDARD = "gnu++14";
				CLANG_CXX_LIBRARY = "libc++";
				CLANG_ENABLE_MODULES = YES;
				CLANG_ENABLE_OBJC_ARC = YES;
				CLANG_ENABLE_OBJC_WEAK = YES;
				CLANG_WARN_BLOCK_CAPTURE_AUTORELEASING = YES;
				CLANG_WARN_BOOL_CONVERSION = YES;
				CLANG_WARN_COMMA = YES;
				CLANG_WARN_CONSTANT_CONVERSION = YES;
				CLANG_WARN_DEPRECATED_OBJC_IMPLEMENTATIONS = YES;
				CLANG_WARN_DIRECT_OBJC_ISA_USAGE = YES_ERROR;
				CLANG_WARN_DOCUMENTATION_COMMENTS = YES;
				CLANG_WARN_EMPTY_BODY = YES;
				CLANG_WARN_ENUM_CONVERSION = YES;
				CLANG_WARN_INFINITE_RECURSION = YES;
				CLANG_WARN_INT_CONVERSION = YES;
				CLANG_WARN_NON_LITERAL_NULL_CONVERSION = YES;
				CLANG_WARN_OBJC_IMPLICIT_RETAIN_SELF = YES;
				CLANG_WARN_OBJC_LITERAL_CONVERSION = YES;
				CLANG_WARN_OBJC_ROOT_CLASS = YES_ERROR;
				CLANG_WARN_RANGE_LOOP_ANALYSIS = YES;
				CLANG_WARN_STRICT_PROTOTYPES = YES;
				CLANG_WARN_SUSPICIOUS_MOVE = YES;
				CLANG_WARN_UNGUARDED_AVAILABILITY = YES_AGGRESSIVE;
				CLANG_WARN_UNREACHABLE_CODE = YES;
				CLANG_WARN__DUPLICATE_METHOD_MATCH = YES;
				CODE_SIGN_IDENTITY = "Mac Developer";
				COPY_PHASE_STRIP = NO;
				DEBUG_INFORMATION_FORMAT = "dwarf-with-dsym";
				ENABLE_NS_ASSERTIONS = NO;
				ENABLE_STRICT_OBJC_MSGSEND = YES;
				GCC_C_LANGUAGE_STANDARD = gnu11;
				GCC_NO_COMMON_BLOCKS = YES;
				GCC_WARN_64_TO_32_BIT_CONVERSION = YES;
				GCC_WARN_ABOUT_RETURN_TYPE = YES_ERROR;
				GCC_WARN_UNDECLARED_SELECTOR = YES;
				GCC_WARN_UNINITIALIZED_AUTOS = YES_AGGRESSIVE;
				GCC_WARN_UNUSED_FUNCTION = YES;
				GCC_WARN_UNUSED_VARIABLE = YES;
				MACOSX_DEPLOYMENT_TARGET = 10.15;
				MTL_ENABLE_DEBUG_INFO = NO;
				MTL_FAST_MATH = YES;
				SDKROOT = macosx;
			};
			name = Release;
		};
		6066385722EDB600008580F8 /* Debug */ = {
			isa = XCBuildConfiguration;
			buildSettings = {
				ASSETCATALOG_COMPILER_APPICON_NAME = AppIcon;
				CODE_SIGN_ENTITLEMENTS = MiscForSafari/MiscForSafari.entitlements;
				CODE_SIGN_STYLE = Automatic;
				COMBINE_HIDPI_IMAGES = YES;
				DEVELOPMENT_TEAM = DL8L9H58NG;
				ENABLE_HARDENED_RUNTIME = YES;
				INFOPLIST_FILE = MiscForSafari/Info.plist;
				LD_RUNPATH_SEARCH_PATHS = (
					"$(inherited)",
					"@executable_path/../Frameworks",
				);
				PRODUCT_BUNDLE_IDENTIFIER = io.orta.MiscForSafari;
				PRODUCT_NAME = "$(TARGET_NAME)";
			};
			name = Debug;
		};
		6066385822EDB600008580F8 /* Release */ = {
			isa = XCBuildConfiguration;
			buildSettings = {
				ASSETCATALOG_COMPILER_APPICON_NAME = AppIcon;
				CODE_SIGN_ENTITLEMENTS = MiscForSafari/MiscForSafari.entitlements;
				CODE_SIGN_STYLE = Automatic;
				COMBINE_HIDPI_IMAGES = YES;
				DEVELOPMENT_TEAM = DL8L9H58NG;
				ENABLE_HARDENED_RUNTIME = YES;
				INFOPLIST_FILE = MiscForSafari/Info.plist;
				LD_RUNPATH_SEARCH_PATHS = (
					"$(inherited)",
					"@executable_path/../Frameworks",
				);
				PRODUCT_BUNDLE_IDENTIFIER = io.orta.MiscForSafari;
				PRODUCT_NAME = "$(TARGET_NAME)";
			};
			name = Release;
		};
		6066387522EDB627008580F8 /* Debug */ = {
			isa = XCBuildConfiguration;
			buildSettings = {
				CODE_SIGN_ENTITLEMENTS = "TS Plagrounds GitHub/TS_Plagrounds_GitHub.entitlements";
				CODE_SIGN_STYLE = Automatic;
				DEVELOPMENT_TEAM = DL8L9H58NG;
				ENABLE_HARDENED_RUNTIME = YES;
				INFOPLIST_FILE = "TS Plagrounds GitHub/Info.plist";
				LD_RUNPATH_SEARCH_PATHS = (
					"$(inherited)",
					"@executable_path/../Frameworks",
					"@executable_path/../../../../Frameworks",
				);
				PRODUCT_BUNDLE_IDENTIFIER = "io.orta.MiscForSafari.TS-Plagrounds-GitHub";
				PRODUCT_NAME = "$(TARGET_NAME)";
				SKIP_INSTALL = YES;
			};
			name = Debug;
		};
		6066387622EDB627008580F8 /* Release */ = {
			isa = XCBuildConfiguration;
			buildSettings = {
				CODE_SIGN_ENTITLEMENTS = "TS Plagrounds GitHub/TS_Plagrounds_GitHub.entitlements";
				CODE_SIGN_STYLE = Automatic;
				DEVELOPMENT_TEAM = DL8L9H58NG;
				ENABLE_HARDENED_RUNTIME = YES;
				INFOPLIST_FILE = "TS Plagrounds GitHub/Info.plist";
				LD_RUNPATH_SEARCH_PATHS = (
					"$(inherited)",
					"@executable_path/../Frameworks",
					"@executable_path/../../../../Frameworks",
				);
				PRODUCT_BUNDLE_IDENTIFIER = "io.orta.MiscForSafari.TS-Plagrounds-GitHub";
				PRODUCT_NAME = "$(TARGET_NAME)";
				SKIP_INSTALL = YES;
			};
			name = Release;
		};
/* End XCBuildConfiguration section */

/* Begin XCConfigurationList section */
		6066383D22EDB5FE008580F8 /* Build configuration list for PBXProject "TypeScript Playgrounds" */ = {
			isa = XCConfigurationList;
			buildConfigurations = (
				6066385422EDB600008580F8 /* Debug */,
				6066385522EDB600008580F8 /* Release */,
			);
			defaultConfigurationIsVisible = 0;
			defaultConfigurationName = Release;
		};
		6066385622EDB600008580F8 /* Build configuration list for PBXNativeTarget "TypeScript Playgrounds" */ = {
			isa = XCConfigurationList;
			buildConfigurations = (
				6066385722EDB600008580F8 /* Debug */,
				6066385822EDB600008580F8 /* Release */,
			);
			defaultConfigurationIsVisible = 0;
			defaultConfigurationName = Release;
		};
		6066387422EDB627008580F8 /* Build configuration list for PBXNativeTarget "TS Plagrounds GitHub" */ = {
			isa = XCConfigurationList;
			buildConfigurations = (
				6066387522EDB627008580F8 /* Debug */,
				6066387622EDB627008580F8 /* Release */,
			);
			defaultConfigurationIsVisible = 0;
			defaultConfigurationName = Release;
		};
/* End XCConfigurationList section */
	};
	rootObject = 6066383A22EDB5FE008580F8 /* Project object */;
}
